
Microsoft Visual Studio Solution File, Format Version 12.00
# Visual Studio Version 17
VisualStudioVersion = 17.9.34701.34
MinimumVisualStudioVersion = 10.0.40219.1
Project("{9A19103F-16F7-4668-BE54-9A1E7A4F7556}") = "StringDivideWebApp", "StringDivideWebApp\StringDivideWebApp.csproj", "{15672991-2C39-44F4-913F-7519D6D84CFE}"
EndProject
Global
	GlobalSection(SolutionConfigurationPlatforms) = preSolution
		Debug|Any CPU = Debug|Any CPU
		Release|Any CPU = Release|Any CPU
	EndGlobalSection
	GlobalSection(ProjectConfigurationPlatforms) = postSolution
		{15672991-2C39-44F4-913F-7519D6D84CFE}.Debug|Any CPU.ActiveCfg = Debug|Any CPU
		{15672991-2C39-44F4-913F-7519D6D84CFE}.Debug|Any CPU.Build.0 = Debug|Any CPU
		{15672991-2C39-44F4-913F-7519D6D84CFE}.Release|Any CPU.ActiveCfg = Release|Any CPU
		{15672991-2C39-44F4-913F-7519D6D84CFE}.Release|Any CPU.Build.0 = Release|Any CPU
	EndGlobalSection
	GlobalSection(SolutionProperties) = preSolution
		HideSolutionNode = FALSE
	EndGlobalSection
	GlobalSection(ExtensibilityGlobals) = postSolution
		SolutionGuid = {3FBEB05A-DD8F-4C00-8F9B-A76ADBD9CEF5}
	EndGlobalSection
EndGlobal
